Microsoft Visual Studio Solution File, Format Version 7.00
Project("{8BC9CEB8-8B4A-11D0-8D11-00A0C91BC942}") = "ProcessInfo", "ProcessInfo.vcproj", "{64E54894-6362-4303-A8FA-0701F6193EFC}"
EndProject
Global
	GlobalSection(SolutionConfiguration) = preSolution
		ConfigName.0 = Debug
		ConfigName.1 = Release
	EndGlobalSection
	GlobalSection(ProjectDependencies) = postSolution
	EndGlobalSection
	GlobalSection(ProjectConfiguration) = postSolution
		{64E54894-6362-4303-A8FA-0701F6193EFC}.Debug.ActiveCfg = Debug|Win32
		{64E54894-6362-4303-A8FA-0701F6193EFC}.Debug.Build.0 = Debug|Win32
		{64E54894-6362-4303-A8FA-0701F6193EFC}.Release.ActiveCfg = Release|Win32
		{64E54894-6362-4303-A8FA-0701F6193EFC}.Release.Build.0 = Release|Win32
	EndGlobalSection
	GlobalSection(ExtensibilityGlobals) = postSolution
	EndGlobalSection
	GlobalSection(ExtensibilityAddIns) = postSolution
	EndGlobalSection
EndGlobal
